// !$*UTF8*$!
{
	archiveVersion = 1;
	classes = {
	};
	objectVersion = 50;
	objects = {

/* Begin PBXBuildFile section */
		FB85BADE293A12CA00A06E45 /* main.swift in Sources */ = {isa = PBXBuildFile; fileRef = FB85BADD293A12CA00A06E45 /* main.swift */; };
		FB85BAE5293A130200A06E45 /* building.swift in Sources */ = {isa = PBXBuildFile; fileRef = FB85BAE4293A130200A06E45 /* building.swift */; };
		FB85BAE7293A132200A06E45 /* flat.swift in Sources */ = {isa = PBXBuildFile; fileRef = FB85BAE6293A132200A06E45 /* flat.swift */; };
		FB85BAE9293A133F00A06E45 /* storage.swift in Sources */ = {isa = PBXBuildFile; fileRef = FB85BAE8293A133F00A06E45 /* storage.swift */; };
		FB85BAEB293A135D00A06E45 /* garage.swift in Sources */ = {isa = PBXBuildFile; fileRef = FB85BAEA293A135D00A06E45 /* garage.swift */; };
		FB85BAED293A137C00A06E45 /* tovarswift.swift in Sources */ = {isa = PBXBuildFile; fileRef = FB85BAEC293A137C00A06E45 /* tovarswift.swift */; };
/* End PBXBuildFile section */

/* Begin PBXCopyFilesBuildPhase section */
		FB85BAD8293A12CA00A06E45 /* CopyFiles */ = {
			isa = PBXCopyFilesBuildPhase;
			buildActionMask = 2147483647;
			dstPath = /usr/share/man/man1/;
			dstSubfolderSpec = 0;
			files = (
			);
			runOnlyForDeploymentPostprocessing = 1;
		};
/* End PBXCopyFilesBuildPhase section */

/* Begin PBXFileReference section */
		FB85BADA293A12CA00A06E45 /* HOMEW2-4 */ = {isa = PBXFileReference; explicitFileType = "compiled.mach-o.executable"; includeInIndex = 0; path = "HOMEW2-4"; sourceTree = BUILT_PRODUCTS_DIR; };
		FB85BADD293A12CA00A06E45 /* main.swift */ = {isa = PBXFileReference; lastKnownFileType = sourcecode.swift; path = main.swift; sourceTree = "<group>"; };
		FB85BAE4293A130200A06E45 /* building.swift */ = {isa = PBXFileReference; lastKnownFileType = sourcecode.swift; path = building.swift; sourceTree = "<group>"; };
		FB85BAE6293A132200A06E45 /* flat.swift */ = {isa = PBXFileReference; lastKnownFileType = sourcecode.swift; path = flat.swift; sourceTree = "<group>"; };
		FB85BAE8293A133F00A06E45 /* storage.swift */ = {isa = PBXFileReference; lastKnownFileType = sourcecode.swift; path = storage.swift; sourceTree = "<group>"; };
		FB85BAEA293A135D00A06E45 /* garage.swift */ = {isa = PBXFileReference; lastKnownFileType = sourcecode.swift; path = garage.swift; sourceTree = "<group>"; };
		FB85BAEC293A137C00A06E45 /* tovarswift.swift */ = {isa = PBXFileReference; lastKnownFileType = sourcecode.swift; path = tovarswift.swift; sourceTree = "<group>"; };
/* End PBXFileReference section */

/* Begin PBXFrameworksBuildPhase section */
		FB85BAD7293A12CA00A06E45 /* Frameworks */ = {
			isa = PBXFrameworksBuildPhase;
			buildActionMask = 2147483647;
			files = (
			);
			runOnlyForDeploymentPostprocessing = 0;
		};
/* End PBXFrameworksBuildPhase section */

/* Begin PBXGroup section */
		FB85BAD1293A12C900A06E45 = {
			isa = PBXGroup;
			children = (
				FB85BADB293A12CA00A06E45 /* Products */,
				FB85BADC293A12CA00A06E45 /* HOMEW2-4 */,
			);
			sourceTree = "<group>";
		};
		FB85BADB293A12CA00A06E45 /* Products */ = {
			isa = PBXGroup;
			children = (
				FB85BADA293A12CA00A06E45 /* HOMEW2-4 */,
			);
			name = Products;
			sourceTree = "<group>";
		};
		FB85BADC293A12CA00A06E45 /* HOMEW2-4 */ = {
			isa = PBXGroup;
			children = (
				FB85BADD293A12CA00A06E45 /* main.swift */,
				FB85BAE4293A130200A06E45 /* building.swift */,
				FB85BAE6293A132200A06E45 /* flat.swift */,
				FB85BAE8293A133F00A06E45 /* storage.swift */,
				FB85BAEA293A135D00A06E45 /* garage.swift */,
				FB85BAEC293A137C00A06E45 /* tovarswift.swift */,
			);
			path = "HOMEW2-4";
			sourceTree = "<group>";
		};
/* End PBXGroup section */

/* Begin PBXNativeTarget section */
		FB85BAD9293A12CA00A06E45 /* HOMEW2-4 */ = {
			isa = PBXNativeTarget;
			buildConfigurationList = FB85BAE1293A12CA00A06E45 /* Build configuration list for PBXNativeTarget "HOMEW2-4" */;
			buildPhases = (
				FB85BAD6293A12CA00A06E45 /* Sources */,
				FB85BAD7293A12CA00A06E45 /* Frameworks */,
				FB85BAD8293A12CA00A06E45 /* CopyFiles */,
			);
			buildRules = (
			);
			dependencies = (
			);
			name = "HOMEW2-4";
			productName = "HOMEW2-4";
			productReference = FB85BADA293A12CA00A06E45 /* HOMEW2-4 */;
			productType = "com.apple.product-type.tool";
		};
/* End PBXNativeTarget section */

/* Begin PBXProject section */
		FB85BAD2293A12C900A06E45 /* Project object */ = {
			isa = PBXProject;
			attributes = {
				LastSwiftUpdateCheck = 1250;
				LastUpgradeCheck = 1250;
				TargetAttributes = {
					FB85BAD9293A12CA00A06E45 = {
						CreatedOnToolsVersion = 12.5.1;
					};
				};
			};
			buildConfigurationList = FB85BAD5293A12C900A06E45 /* Build configuration list for PBXProject "HOMEW2-4" */;
			compatibilityVersion = "Xcode 9.3";
			developmentRegion = en;
			hasScannedForEncodings = 0;
			knownRegions = (
				en,
				Base,
			);
			mainGroup = FB85BAD1293A12C900A06E45;
			productRefGroup = FB85BADB293A12CA00A06E45 /* Products */;
			projectDirPath = "";
			projectRoot = "";
			targets = (
				FB85BAD9293A12CA00A06E45 /* HOMEW2-4 */,
			);
		};
/* End PBXProject section */

/* Begin PBXSourcesBuildPhase section */
		FB85BAD6293A12CA00A06E45 /* Sources */ = {
			isa = PBXSourcesBuildPhase;
			buildActionMask = 2147483647;
			files = (
				FB85BAED293A137C00A06E45 /* tovarswift.swift in Sources */,
				FB85BADE293A12CA00A06E45 /* main.swift in Sources */,
				FB85BAE9293A133F00A06E45 /* storage.swift in Sources */,
				FB85BAE7293A132200A06E45 /* flat.swift in Sources */,
				FB85BAEB293A135D00A06E45 /* garage.swift in Sources */,
				FB85BAE5293A130200A06E45 /* building.swift in Sources */,
			);
			runOnlyForDeploymentPostprocessing = 0;
		};
/* End PBXSourcesBuildPhase section */

/* Begin XCBuildConfiguration section */
		FB85BADF293A12CA00A06E45 /* Debug */ = {
			isa = XCBuildConfiguration;
			buildSettings = {
				ALWAYS_SEARCH_USER_PATHS = NO;
				CLANG_ANALYZER_NONNULL = YES;
				CLANG_ANALYZER_NUMBER_OBJECT_CONVERSION = YES_AGGRESSIVE;
				CLANG_CXX_LANGUAGE_STANDARD = "gnu++14";
				CLANG_CXX_LIBRARY = "libc++";
				CLANG_ENABLE_MODULES = YES;
				CLANG_ENABLE_OBJC_ARC = YES;
				CLANG_ENABLE_OBJC_WEAK = YES;
				CLANG_WARN_BLOCK_CAPTURE_AUTORELEASING = YES;
				CLANG_WARN_BOOL_CONVERSION = YES;
				CLANG_WARN_COMMA = YES;
				CLANG_WARN_CONSTANT_CONVERSION = YES;
				CLANG_WARN_DEPRECATED_OBJC_IMPLEMENTATIONS = YES;
				CLANG_WARN_DIRECT_OBJC_ISA_USAGE = YES_ERROR;
				CLANG_WARN_DOCUMENTATION_COMMENTS = YES;
				CLANG_WARN_EMPTY_BODY = YES;
				CLANG_WARN_ENUM_CONVERSION = YES;
				CLANG_WARN_INFINITE_RECURSION = YES;
				CLANG_WARN_INT_CONVERSION = YES;
				CLANG_WARN_NON_LITERAL_NULL_CONVERSION = YES;
				CLANG_WARN_OBJC_IMPLICIT_RETAIN_SELF = YES;
				CLANG_WARN_OBJC_LITERAL_CONVERSION = YES;
				CLANG_WARN_OBJC_ROOT_CLASS = YES_ERROR;
				CLANG_WARN_QUOTED_INCLUDE_IN_FRAMEWORK_HEADER = YES;
				CLANG_WARN_RANGE_LOOP_ANALYSIS = YES;
				CLANG_WARN_STRICT_PROTOTYPES = YES;
				CLANG_WARN_SUSPICIOUS_MOVE = YES;
				CLANG_WARN_UNGUARDED_AVAILABILITY = YES_AGGRESSIVE;
				CLANG_WARN_UNREACHABLE_CODE = YES;
				CLANG_WARN__DUPLICATE_METHOD_MATCH = YES;
				COPY_PHASE_STRIP = NO;
				DEBUG_INFORMATION_FORMAT = dwarf;
				ENABLE_STRICT_OBJC_MSGSEND = YES;
				ENABLE_TESTABILITY = YES;
				GCC_C_LANGUAGE_STANDARD = gnu11;
				GCC_DYNAMIC_NO_PIC = NO;
				GCC_NO_COMMON_BLOCKS = YES;
				GCC_OPTIMIZATION_LEVEL = 0;
				GCC_PREPROCESSOR_DEFINITIONS = (
					"DEBUG=1",
					"$(inherited)",
				);
				GCC_WARN_64_TO_32_BIT_CONVERSION = YES;
				GCC_WARN_ABOUT_RETURN_TYPE = YES_ERROR;
				GCC_WARN_UNDECLARED_SELECTOR = YES;
				GCC_WARN_UNINITIALIZED_AUTOS = YES_AGGRESSIVE;
				GCC_WARN_UNUSED_FUNCTION = YES;
				GCC_WARN_UNUSED_VARIABLE = YES;
				MACOSX_DEPLOYMENT_TARGET = 11.3;
				MTL_ENABLE_DEBUG_INFO = INCLUDE_SOURCE;
				MTL_FAST_MATH = YES;
				ONLY_ACTIVE_ARCH = YES;
				SDKROOT = macosx;
				SWIFT_ACTIVE_COMPILATION_CONDITIONS = DEBUG;
				SWIFT_OPTIMIZATION_LEVEL = "-Onone";
			};
			name = Debug;
		};
		FB85BAE0293A12CA00A06E45 /* Release */ = {
			isa = XCBuildConfiguration;
			buildSettings = {
				ALWAYS_SEARCH_USER_PATHS = NO;
				CLANG_ANALYZER_NONNULL = YES;
				CLANG_ANALYZER_NUMBER_OBJECT_CONVERSION = YES_AGGRESSIVE;
				CLANG_CXX_LANGUAGE_STANDARD = "gnu++14";
				CLANG_CXX_LIBRARY = "libc++";
				CLANG_ENABLE_MODULES = YES;
				CLANG_ENABLE_OBJC_ARC = YES;
				CLANG_ENABLE_OBJC_WEAK = YES;
				CLANG_WARN_BLOCK_CAPTURE_AUTORELEASING = YES;
				CLANG_WARN_BOOL_CONVERSION = YES;
				CLANG_WARN_COMMA = YES;
				CLANG_WARN_CONSTANT_CONVERSION = YES;
				CLANG_WARN_DEPRECATED_OBJC_IMPLEMENTATIONS = YES;
				CLANG_WARN_DIRECT_OBJC_ISA_USAGE = YES_ERROR;
				CLANG_WARN_DOCUMENTATION_COMMENTS = YES;
				CLANG_WARN_EMPTY_BODY = YES;
				CLANG_WARN_ENUM_CONVERSION = YES;
				CLANG_WARN_INFINITE_RECURSION = YES;
				CLANG_WARN_INT_CONVERSION = YES;
				CLANG_WARN_NON_LITERAL_NULL_CONVERSION = YES;
				CLANG_WARN_OBJC_IMPLICIT_RETAIN_SELF = YES;
				CLANG_WARN_OBJC_LITERAL_CONVERSION = YES;
				CLANG_WARN_OBJC_ROOT_CLASS = YES_ERROR;
				CLANG_WARN_QUOTED_INCLUDE_IN_FRAMEWORK_HEADER = YES;
				CLANG_WARN_RANGE_LOOP_ANALYSIS = YES;
				CLANG_WARN_STRICT_PROTOTYPES = YES;
				CLANG_WARN_SUSPICIOUS_MOVE = YES;
				CLANG_WARN_UNGUARDED_AVAILABILITY = YES_AGGRESSIVE;
				CLANG_WARN_UNREACHABLE_CODE = YES;
				CLANG_WARN__DUPLICATE_METHOD_MATCH = YES;
				COPY_PHASE_STRIP = NO;
				DEBUG_INFORMATION_FORMAT = "dwarf-with-dsym";
				ENABLE_NS_ASSERTIONS = NO;
				ENABLE_STRICT_OBJC_MSGSEND = YES;
				GCC_C_LANGUAGE_STANDARD = gnu11;
				GCC_NO_COMMON_BLOCKS = YES;
				GCC_WARN_64_TO_32_BIT_CONVERSION = YES;
				GCC_WARN_ABOUT_RETURN_TYPE = YES_ERROR;
				GCC_WARN_UNDECLARED_SELECTOR = YES;
				GCC_WARN_UNINITIALIZED_AUTOS = YES_AGGRESSIVE;
				GCC_WARN_UNUSED_FUNCTION = YES;
				GCC_WARN_UNUSED_VARIABLE = YES;
				MACOSX_DEPLOYMENT_TARGET = 11.3;
				MTL_ENABLE_DEBUG_INFO = NO;
				MTL_FAST_MATH = YES;
				SDKROOT = macosx;
				SWIFT_COMPILATION_MODE = wholemodule;
				SWIFT_OPTIMIZATION_LEVEL = "-O";
			};
			name = Release;
		};
		FB85BAE2293A12CA00A06E45 /* Debug */ = {
			isa = XCBuildConfiguration;
			buildSettings = {
				CODE_SIGN_STYLE = Automatic;
				PRODUCT_NAME = "$(TARGET_NAME)";
				SWIFT_VERSION = 5.0;
			};
			name = Debug;
		};
		FB85BAE3293A12CA00A06E45 /* Release */ = {
			isa = XCBuildConfiguration;
			buildSettings = {
				CODE_SIGN_STYLE = Automatic;
				PRODUCT_NAME = "$(TARGET_NAME)";
				SWIFT_VERSION = 5.0;
			};
			name = Release;
		};
/* End XCBuildConfiguration section */

/* Begin XCConfigurationList section */
		FB85BAD5293A12C900A06E45 /* Build configuration list for PBXProject "HOMEW2-4" */ = {
			isa = XCConfigurationList;
			buildConfigurations = (
				FB85BADF293A12CA00A06E45 /* Debug */,
				FB85BAE0293A12CA00A06E45 /* Release */,
			);
			defaultConfigurationIsVisible = 0;
			defaultConfigurationName = Release;
		};
		FB85BAE1293A12CA00A06E45 /* Build configuration list for PBXNativeTarget "HOMEW2-4" */ = {
			isa = XCConfigurationList;
			buildConfigurations = (
				FB85BAE2293A12CA00A06E45 /* Debug */,
				FB85BAE3293A12CA00A06E45 /* Release */,
			);
			defaultConfigurationIsVisible = 0;
			defaultConfigurationName = Release;
		};
/* End XCConfigurationList section */
	};
	rootObject = FB85BAD2293A12C900A06E45 /* Project object */;
}
